// !$*UTF8*$!
{
	archiveVersion = 1;
	classes = {
	};
	objectVersion = 52;
	objects = {

/* Begin PBXBuildFile section */
		287ECAE9234E3D9800487427 /* MainUITabBarController.swift in Sources */ = {isa = PBXBuildFile; fileRef = 287ECAE8234E3D9800487427 /* MainUITabBarController.swift */; };
		287ECAED234E541800487427 /* Theme.xcassets in Resources */ = {isa = PBXBuildFile; fileRef = 287ECAEC234E541800487427 /* Theme.xcassets */; };
		287ECAEF234E5FF200487427 /* OpretBajerViewController.swift in Sources */ = {isa = PBXBuildFile; fileRef = 287ECAEE234E5FF200487427 /* OpretBajerViewController.swift */; };
		28C5E9C2234F9BEA00BE284D /* Assets.xcassets in Resources */ = {isa = PBXBuildFile; fileRef = 28C5E9C1234F9BEA00BE284D /* Assets.xcassets */; };
		5A122BC17CAC7E5F5394BDA2 /* Pods_BilligeBamser_1_0.framework in Frameworks */ = {isa = PBXBuildFile; fileRef = 7F47A92EC5D00DAD65B0498A /* Pods_BilligeBamser_1_0.framework */; };
		EE805A31234DF9B40095651D /* AppDelegate.swift in Sources */ = {isa = PBXBuildFile; fileRef = EE805A30234DF9B40095651D /* AppDelegate.swift */; };
		EE805A33234DF9B40095651D /* ViewController.swift in Sources */ = {isa = PBXBuildFile; fileRef = EE805A32234DF9B40095651D /* ViewController.swift */; };
		EE805A36234DF9B40095651D /* Main.storyboard in Resources */ = {isa = PBXBuildFile; fileRef = EE805A34234DF9B40095651D /* Main.storyboard */; };
		EE805A3B234DF9B60095651D /* LaunchScreen.storyboard in Resources */ = {isa = PBXBuildFile; fileRef = EE805A39234DF9B60095651D /* LaunchScreen.storyboard */; };
		EEAECAD323575FAE00C555E0 /* GoogleService-Info.plist in Resources */ = {isa = PBXBuildFile; fileRef = EEAECAD223575FAE00C555E0 /* GoogleService-Info.plist */; };
		EEAECAD52357733200C555E0 /* Bar.swift in Sources */ = {isa = PBXBuildFile; fileRef = EEAECAD42357733200C555E0 /* Bar.swift */; };
		EEAECAD723577CF500C555E0 /* BarListe.swift in Sources */ = {isa = PBXBuildFile; fileRef = EEAECAD623577CF500C555E0 /* BarListe.swift */; };
		EEAECAD923578ADE00C555E0 /* MapViewController.swift in Sources */ = {isa = PBXBuildFile; fileRef = EEAECAD823578ADE00C555E0 /* MapViewController.swift */; };
		EEAECADC23579D2B00C555E0 /* UdforskViewController.swift in Sources */ = {isa = PBXBuildFile; fileRef = EEAECADB23579D2B00C555E0 /* UdforskViewController.swift */; };
		EEAECAE22357A1EE00C555E0 /* MereViewController.swift in Sources */ = {isa = PBXBuildFile; fileRef = EEAECAE12357A1EE00C555E0 /* MereViewController.swift */; };
		EEAECAE42357AF8900C555E0 /* LogindViewController.swift in Sources */ = {isa = PBXBuildFile; fileRef = EEAECAE32357AF8900C555E0 /* LogindViewController.swift */; };
/* End PBXBuildFile section */

/* Begin PBXFileReference section */
		287ECAE8234E3D9800487427 /* MainUITabBarController.swift */ = {isa = PBXFileReference; lastKnownFileType = sourcecode.swift; path = MainUITabBarController.swift; sourceTree = "<group>"; };
		287ECAEC234E541800487427 /* Theme.xcassets */ = {isa = PBXFileReference; lastKnownFileType = folder.assetcatalog; path = Theme.xcassets; sourceTree = "<group>"; };
		287ECAEE234E5FF200487427 /* OpretBajerViewController.swift */ = {isa = PBXFileReference; lastKnownFileType = sourcecode.swift; path = OpretBajerViewController.swift; sourceTree = "<group>"; };
		28C5E9C1234F9BEA00BE284D /* Assets.xcassets */ = {isa = PBXFileReference; lastKnownFileType = folder.assetcatalog; path = Assets.xcassets; sourceTree = "<group>"; };
		380EDE949A882405A61B8F77 /* Pods-BilligeBamser 1.0.debug.xcconfig */ = {isa = PBXFileReference; includeInIndex = 1; lastKnownFileType = text.xcconfig; name = "Pods-BilligeBamser 1.0.debug.xcconfig"; path = "Target Support Files/Pods-BilligeBamser 1.0/Pods-BilligeBamser 1.0.debug.xcconfig"; sourceTree = "<group>"; };
		7F47A92EC5D00DAD65B0498A /* Pods_BilligeBamser_1_0.framework */ = {isa = PBXFileReference; explicitFileType = wrapper.framework; includeInIndex = 0; path = Pods_BilligeBamser_1_0.framework; sourceTree = BUILT_PRODUCTS_DIR; };
		861AAD122035663F003CE24D /* Pods-BilligeBamser 1.0.release.xcconfig */ = {isa = PBXFileReference; includeInIndex = 1; lastKnownFileType = text.xcconfig; name = "Pods-BilligeBamser 1.0.release.xcconfig"; path = "Target Support Files/Pods-BilligeBamser 1.0/Pods-BilligeBamser 1.0.release.xcconfig"; sourceTree = "<group>"; };
		EE805A2D234DF9B40095651D /* BilligeBamser 1.0.app */ = {isa = PBXFileReference; explicitFileType = wrapper.application; includeInIndex = 0; path = "BilligeBamser 1.0.app"; sourceTree = BUILT_PRODUCTS_DIR; };
		EE805A30234DF9B40095651D /* AppDelegate.swift */ = {isa = PBXFileReference; lastKnownFileType = sourcecode.swift; path = AppDelegate.swift; sourceTree = "<group>"; };
		EE805A32234DF9B40095651D /* ViewController.swift */ = {isa = PBXFileReference; lastKnownFileType = sourcecode.swift; path = ViewController.swift; sourceTree = "<group>"; };
		EE805A35234DF9B40095651D /* Base */ = {isa = PBXFileReference; lastKnownFileType = file.storyboard; name = Base; path = Base.lproj/Main.storyboard; sourceTree = "<group>"; };
		EE805A3A234DF9B60095651D /* Base */ = {isa = PBXFileReference; lastKnownFileType = file.storyboard; name = Base; path = Base.lproj/LaunchScreen.storyboard; sourceTree = "<group>"; };
		EE805A3C234DF9B60095651D /* Info.plist */ = {isa = PBXFileReference; lastKnownFileType = text.plist.xml; path = Info.plist; sourceTree = "<group>"; };
		EEAECAD223575FAE00C555E0 /* GoogleService-Info.plist */ = {isa = PBXFileReference; fileEncoding = 4; lastKnownFileType = text.plist.xml; name = "GoogleService-Info.plist"; path = "../../../Downloads/GoogleService-Info.plist"; sourceTree = "<group>"; };
		EEAECAD42357733200C555E0 /* Bar.swift */ = {isa = PBXFileReference; lastKnownFileType = sourcecode.swift; path = Bar.swift; sourceTree = "<group>"; };
		EEAECAD623577CF500C555E0 /* BarListe.swift */ = {isa = PBXFileReference; lastKnownFileType = sourcecode.swift; path = BarListe.swift; sourceTree = "<group>"; };
		EEAECAD823578ADE00C555E0 /* MapViewController.swift */ = {isa = PBXFileReference; lastKnownFileType = sourcecode.swift; path = MapViewController.swift; sourceTree = "<group>"; };
		EEAECADB23579D2B00C555E0 /* UdforskViewController.swift */ = {isa = PBXFileReference; lastKnownFileType = sourcecode.swift; path = UdforskViewController.swift; sourceTree = "<group>"; };
		EEAECAE12357A1EE00C555E0 /* MereViewController.swift */ = {isa = PBXFileReference; lastKnownFileType = sourcecode.swift; path = MereViewController.swift; sourceTree = "<group>"; };
		EEAECAE32357AF8900C555E0 /* LogindViewController.swift */ = {isa = PBXFileReference; lastKnownFileType = sourcecode.swift; path = LogindViewController.swift; sourceTree = "<group>"; };
/* End PBXFileReference section */

/* Begin PBXFrameworksBuildPhase section */
		EE805A2A234DF9B40095651D /* Frameworks */ = {
			isa = PBXFrameworksBuildPhase;
			buildActionMask = 2147483647;
			files = (
				5A122BC17CAC7E5F5394BDA2 /* Pods_BilligeBamser_1_0.framework in Frameworks */,
			);
			runOnlyForDeploymentPostprocessing = 0;
		};
/* End PBXFrameworksBuildPhase section */

/* Begin PBXGroup section */
		C2D218BA4494DD413AD8CB55 /* Pods */ = {
			isa = PBXGroup;
			children = (
				380EDE949A882405A61B8F77 /* Pods-BilligeBamser 1.0.debug.xcconfig */,
				861AAD122035663F003CE24D /* Pods-BilligeBamser 1.0.release.xcconfig */,
			);
			path = Pods;
			sourceTree = "<group>";
		};
		D4A4F1478BFF1A85B3C11AE3 /* Frameworks */ = {
			isa = PBXGroup;
			children = (
				7F47A92EC5D00DAD65B0498A /* Pods_BilligeBamser_1_0.framework */,
			);
			name = Frameworks;
			sourceTree = "<group>";
		};
		EE805A24234DF9B40095651D = {
			isa = PBXGroup;
			children = (
				EE805A2F234DF9B40095651D /* BilligeBamser 1.0 */,
				EE805A2E234DF9B40095651D /* Products */,
				C2D218BA4494DD413AD8CB55 /* Pods */,
				D4A4F1478BFF1A85B3C11AE3 /* Frameworks */,
			);
			sourceTree = "<group>";
		};
		EE805A2E234DF9B40095651D /* Products */ = {
			isa = PBXGroup;
			children = (
				EE805A2D234DF9B40095651D /* BilligeBamser 1.0.app */,
			);
			name = Products;
			sourceTree = "<group>";
		};
		EE805A2F234DF9B40095651D /* BilligeBamser 1.0 */ = {
			isa = PBXGroup;
			children = (
				EE805A30234DF9B40095651D /* AppDelegate.swift */,
				EEAECAE12357A1EE00C555E0 /* MereViewController.swift */,
				EE805A32234DF9B40095651D /* ViewController.swift */,
				EE805A34234DF9B40095651D /* Main.storyboard */,
				EEAECAE32357AF8900C555E0 /* LogindViewController.swift */,
				EEAECADB23579D2B00C555E0 /* UdforskViewController.swift */,
				287ECAEE234E5FF200487427 /* OpretBajerViewController.swift */,
				EEAECAD823578ADE00C555E0 /* MapViewController.swift */,
				287ECAE8234E3D9800487427 /* MainUITabBarController.swift */,
				28C5E9C1234F9BEA00BE284D /* Assets.xcassets */,
				287ECAEC234E541800487427 /* Theme.xcassets */,
				EE805A39234DF9B60095651D /* LaunchScreen.storyboard */,
				EE805A3C234DF9B60095651D /* Info.plist */,
				EEAECAD223575FAE00C555E0 /* GoogleService-Info.plist */,
				EEAECAD42357733200C555E0 /* Bar.swift */,
				EEAECAD623577CF500C555E0 /* BarListe.swift */,
			);
			path = "BilligeBamser 1.0";
			sourceTree = "<group>";
		};
/* End PBXGroup section */

/* Begin PBXNativeTarget section */
		EE805A2C234DF9B40095651D /* BilligeBamser 1.0 */ = {
			isa = PBXNativeTarget;
			buildConfigurationList = EE805A3F234DF9B60095651D /* Build configuration list for PBXNativeTarget "BilligeBamser 1.0" */;
			buildPhases = (
				DCA34F65E16957E50266DE1C /* [CP] Check Pods Manifest.lock */,
				EE805A29234DF9B40095651D /* Sources */,
				EE805A2A234DF9B40095651D /* Frameworks */,
				EE805A2B234DF9B40095651D /* Resources */,
				85D57C4CAF5DDB941E0B4C8F /* [CP] Embed Pods Frameworks */,
			);
			buildRules = (
			);
			dependencies = (
			);
			name = "BilligeBamser 1.0";
			productName = "BilligeBamser 1.0";
			productReference = EE805A2D234DF9B40095651D /* BilligeBamser 1.0.app */;
			productType = "com.apple.product-type.application";
		};
/* End PBXNativeTarget section */

/* Begin PBXProject section */
		EE805A25234DF9B40095651D /* Project object */ = {
			isa = PBXProject;
			attributes = {
				LastSwiftUpdateCheck = 1030;
				LastUpgradeCheck = 1030;
				ORGANIZATIONNAME = "Jacob Jørgensen";
				TargetAttributes = {
					EE805A2C234DF9B40095651D = {
						CreatedOnToolsVersion = 10.3;
					};
				};
			};
			buildConfigurationList = EE805A28234DF9B40095651D /* Build configuration list for PBXProject "BilligeBamser 1.0" */;
			compatibilityVersion = "Xcode 11.0";
			developmentRegion = en;
			hasScannedForEncodings = 0;
			knownRegions = (
				en,
				Base,
			);
			mainGroup = EE805A24234DF9B40095651D;
			productRefGroup = EE805A2E234DF9B40095651D /* Products */;
			projectDirPath = "";
			projectRoot = "";
			targets = (
				EE805A2C234DF9B40095651D /* BilligeBamser 1.0 */,
			);
		};
/* End PBXProject section */

/* Begin PBXResourcesBuildPhase section */
		EE805A2B234DF9B40095651D /* Resources */ = {
			isa = PBXResourcesBuildPhase;
			buildActionMask = 2147483647;
			files = (
				EE805A3B234DF9B60095651D /* LaunchScreen.storyboard in Resources */,
				287ECAED234E541800487427 /* Theme.xcassets in Resources */,
				EEAECAD323575FAE00C555E0 /* GoogleService-Info.plist in Resources */,
				28C5E9C2234F9BEA00BE284D /* Assets.xcassets in Resources */,
				EE805A36234DF9B40095651D /* Main.storyboard in Resources */,
			);
			runOnlyForDeploymentPostprocessing = 0;
		};
/* End PBXResourcesBuildPhase section */

/* Begin PBXShellScriptBuildPhase section */
		85D57C4CAF5DDB941E0B4C8F /* [CP] Embed Pods Frameworks */ = {
			isa = PBXShellScriptBuildPhase;
			buildActionMask = 2147483647;
			files = (
			);
			inputFileListPaths = (
				"${PODS_ROOT}/Target Support Files/Pods-BilligeBamser 1.0/Pods-BilligeBamser 1.0-frameworks-${CONFIGURATION}-input-files.xcfilelist",
			);
			name = "[CP] Embed Pods Frameworks";
			outputFileListPaths = (
				"${PODS_ROOT}/Target Support Files/Pods-BilligeBamser 1.0/Pods-BilligeBamser 1.0-frameworks-${CONFIGURATION}-output-files.xcfilelist",
			);
			runOnlyForDeploymentPostprocessing = 0;
			shellPath = /bin/sh;
			shellScript = "\"${PODS_ROOT}/Target Support Files/Pods-BilligeBamser 1.0/Pods-BilligeBamser 1.0-frameworks.sh\"\n";
			showEnvVarsInLog = 0;
		};
		DCA34F65E16957E50266DE1C /* [CP] Check Pods Manifest.lock */ = {
			isa = PBXShellScriptBuildPhase;
			buildActionMask = 2147483647;
			files = (
			);
			inputFileListPaths = (
			);
			inputPaths = (
				"${PODS_PODFILE_DIR_PATH}/Podfile.lock",
				"${PODS_ROOT}/Manifest.lock",
			);
			name = "[CP] Check Pods Manifest.lock";
			outputFileListPaths = (
			);
			outputPaths = (
				"$(DERIVED_FILE_DIR)/Pods-BilligeBamser 1.0-checkManifestLockResult.txt",
			);
			runOnlyForDeploymentPostprocessing = 0;
			shellPath = /bin/sh;
			shellScript = "diff \"${PODS_PODFILE_DIR_PATH}/Podfile.lock\" \"${PODS_ROOT}/Manifest.lock\" > /dev/null\nif [ $? != 0 ] ; then\n    # print error to STDERR\n    echo \"error: The sandbox is not in sync with the Podfile.lock. Run 'pod install' or update your CocoaPods installation.\" >&2\n    exit 1\nfi\n# This output is used by Xcode 'outputs' to avoid re-running this script phase.\necho \"SUCCESS\" > \"${SCRIPT_OUTPUT_FILE_0}\"\n";
			showEnvVarsInLog = 0;
		};
/* End PBXShellScriptBuildPhase section */

/* Begin PBXSourcesBuildPhase section */
		EE805A29234DF9B40095651D /* Sources */ = {
			isa = PBXSourcesBuildPhase;
			buildActionMask = 2147483647;
			files = (
				EEAECAD52357733200C555E0 /* Bar.swift in Sources */,
				EE805A33234DF9B40095651D /* ViewController.swift in Sources */,
				287ECAE9234E3D9800487427 /* MainUITabBarController.swift in Sources */,
				EEAECADC23579D2B00C555E0 /* UdforskViewController.swift in Sources */,
				EEAECAE22357A1EE00C555E0 /* MereViewController.swift in Sources */,
				EEAECAE42357AF8900C555E0 /* LogindViewController.swift in Sources */,
				EEAECAD723577CF500C555E0 /* BarListe.swift in Sources */,
				287ECAEF234E5FF200487427 /* OpretBajerViewController.swift in Sources */,
				EE805A31234DF9B40095651D /* AppDelegate.swift in Sources */,
				EEAECAD923578ADE00C555E0 /* MapViewController.swift in Sources */,
			);
			runOnlyForDeploymentPostprocessing = 0;
		};
/* End PBXSourcesBuildPhase section */

/* Begin PBXVariantGroup section */
		EE805A34234DF9B40095651D /* Main.storyboard */ = {
			isa = PBXVariantGroup;
			children = (
				EE805A35234DF9B40095651D /* Base */,
			);
			name = Main.storyboard;
			sourceTree = "<group>";
		};
		EE805A39234DF9B60095651D /* LaunchScreen.storyboard */ = {
			isa = PBXVariantGroup;
			children = (
				EE805A3A234DF9B60095651D /* Base */,
			);
			name = LaunchScreen.storyboard;
			sourceTree = "<group>";
		};
/* End PBXVariantGroup section */

/* Begin XCBuildConfiguration section */
		EE805A3D234DF9B60095651D /* Debug */ = {
			isa = XCBuildConfiguration;
			buildSettings = {
				ALWAYS_SEARCH_USER_PATHS = NO;
				CLANG_ANALYZER_NONNULL = YES;
				CLANG_ANALYZER_NUMBER_OBJECT_CONVERSION = YES_AGGRESSIVE;
				CLANG_CXX_LANGUAGE_STANDARD = "gnu++14";
				CLANG_CXX_LIBRARY = "libc++";
				CLANG_ENABLE_MODULES = YES;
				CLANG_ENABLE_OBJC_ARC = YES;
				CLANG_ENABLE_OBJC_WEAK = YES;
				CLANG_WARN_BLOCK_CAPTURE_AUTORELEASING = YES;
				CLANG_WARN_BOOL_CONVERSION = YES;
				CLANG_WARN_COMMA = YES;
				CLANG_WARN_CONSTANT_CONVERSION = YES;
				CLANG_WARN_DEPRECATED_OBJC_IMPLEMENTATIONS = YES;
				CLANG_WARN_DIRECT_OBJC_ISA_USAGE = YES_ERROR;
				CLANG_WARN_DOCUMENTATION_COMMENTS = YES;
				CLANG_WARN_EMPTY_BODY = YES;
				CLANG_WARN_ENUM_CONVERSION = YES;
				CLANG_WARN_INFINITE_RECURSION = YES;
				CLANG_WARN_INT_CONVERSION = YES;
				CLANG_WARN_NON_LITERAL_NULL_CONVERSION = YES;
				CLANG_WARN_OBJC_IMPLICIT_RETAIN_SELF = YES;
				CLANG_WARN_OBJC_LITERAL_CONVERSION = YES;
				CLANG_WARN_OBJC_ROOT_CLASS = YES_ERROR;
				CLANG_WARN_RANGE_LOOP_ANALYSIS = YES;
				CLANG_WARN_STRICT_PROTOTYPES = YES;
				CLANG_WARN_SUSPICIOUS_MOVE = YES;
				CLANG_WARN_UNGUARDED_AVAILABILITY = YES_AGGRESSIVE;
				CLANG_WARN_UNREACHABLE_CODE = YES;
				CLANG_WARN__DUPLICATE_METHOD_MATCH = YES;
				CODE_SIGN_IDENTITY = "iPhone Developer";
				COPY_PHASE_STRIP = NO;
				DEBUG_INFORMATION_FORMAT = dwarf;
				ENABLE_STRICT_OBJC_MSGSEND = YES;
				ENABLE_TESTABILITY = YES;
				GCC_C_LANGUAGE_STANDARD = gnu11;
				GCC_DYNAMIC_NO_PIC = NO;
				GCC_NO_COMMON_BLOCKS = YES;
				GCC_OPTIMIZATION_LEVEL = 0;
				GCC_PREPROCESSOR_DEFINITIONS = (
					"DEBUG=1",
					"$(inherited)",
				);
				GCC_WARN_64_TO_32_BIT_CONVERSION = YES;
				GCC_WARN_ABOUT_RETURN_TYPE = YES_ERROR;
				GCC_WARN_UNDECLARED_SELECTOR = YES;
				GCC_WARN_UNINITIALIZED_AUTOS = YES_AGGRESSIVE;
				GCC_WARN_UNUSED_FUNCTION = YES;
				GCC_WARN_UNUSED_VARIABLE = YES;
				IPHONEOS_DEPLOYMENT_TARGET = 11.0;
				MTL_ENABLE_DEBUG_INFO = INCLUDE_SOURCE;
				MTL_FAST_MATH = YES;
				ONLY_ACTIVE_ARCH = YES;
				SDKROOT = iphoneos;
				SWIFT_ACTIVE_COMPILATION_CONDITIONS = DEBUG;
				SWIFT_OPTIMIZATION_LEVEL = "-Onone";
			};
			name = Debug;
		};
		EE805A3E234DF9B60095651D /* Release */ = {
			isa = XCBuildConfiguration;
			buildSettings = {
				ALWAYS_SEARCH_USER_PATHS = NO;
				CLANG_ANALYZER_NONNULL = YES;
				CLANG_ANALYZER_NUMBER_OBJECT_CONVERSION = YES_AGGRESSIVE;
				CLANG_CXX_LANGUAGE_STANDARD = "gnu++14";
				CLANG_CXX_LIBRARY = "libc++";
				CLANG_ENABLE_MODULES = YES;
				CLANG_ENABLE_OBJC_ARC = YES;
				CLANG_ENABLE_OBJC_WEAK = YES;
				CLANG_WARN_BLOCK_CAPTURE_AUTORELEASING = YES;
				CLANG_WARN_BOOL_CONVERSION = YES;
				CLANG_WARN_COMMA = YES;
				CLANG_WARN_CONSTANT_CONVERSION = YES;
				CLANG_WARN_DEPRECATED_OBJC_IMPLEMENTATIONS = YES;
				CLANG_WARN_DIRECT_OBJC_ISA_USAGE = YES_ERROR;
				CLANG_WARN_DOCUMENTATION_COMMENTS = YES;
				CLANG_WARN_EMPTY_BODY = YES;
				CLANG_WARN_ENUM_CONVERSION = YES;
				CLANG_WARN_INFINITE_RECURSION = YES;
				CLANG_WARN_INT_CONVERSION = YES;
				CLANG_WARN_NON_LITERAL_NULL_CONVERSION = YES;
				CLANG_WARN_OBJC_IMPLICIT_RETAIN_SELF = YES;
				CLANG_WARN_OBJC_LITERAL_CONVERSION = YES;
				CLANG_WARN_OBJC_ROOT_CLASS = YES_ERROR;
				CLANG_WARN_RANGE_LOOP_ANALYSIS = YES;
				CLANG_WARN_STRICT_PROTOTYPES = YES;
				CLANG_WARN_SUSPICIOUS_MOVE = YES;
				CLANG_WARN_UNGUARDED_AVAILABILITY = YES_AGGRESSIVE;
				CLANG_WARN_UNREACHABLE_CODE = YES;
				CLANG_WARN__DUPLICATE_METHOD_MATCH = YES;
				CODE_SIGN_IDENTITY = "iPhone Developer";
				COPY_PHASE_STRIP = NO;
				DEBUG_INFORMATION_FORMAT = "dwarf-with-dsym";
				ENABLE_NS_ASSERTIONS = NO;
				ENABLE_STRICT_OBJC_MSGSEND = YES;
				GCC_C_LANGUAGE_STANDARD = gnu11;
				GCC_NO_COMMON_BLOCKS = YES;
				GCC_WARN_64_TO_32_BIT_CONVERSION = YES;
				GCC_WARN_ABOUT_RETURN_TYPE = YES_ERROR;
				GCC_WARN_UNDECLARED_SELECTOR = YES;
				GCC_WARN_UNINITIALIZED_AUTOS = YES_AGGRESSIVE;
				GCC_WARN_UNUSED_FUNCTION = YES;
				GCC_WARN_UNUSED_VARIABLE = YES;
				IPHONEOS_DEPLOYMENT_TARGET = 11.0;
				MTL_ENABLE_DEBUG_INFO = NO;
				MTL_FAST_MATH = YES;
				SDKROOT = iphoneos;
				SWIFT_COMPILATION_MODE = wholemodule;
				SWIFT_OPTIMIZATION_LEVEL = "-O";
				VALIDATE_PRODUCT = YES;
			};
			name = Release;
		};
		EE805A40234DF9B60095651D /* Debug */ = {
			isa = XCBuildConfiguration;
			baseConfigurationReference = 380EDE949A882405A61B8F77 /* Pods-BilligeBamser 1.0.debug.xcconfig */;
			buildSettings = {
				CODE_SIGN_STYLE = Automatic;
				DEVELOPMENT_TEAM = G6TSQJ6DQ5;
				INFOPLIST_FILE = "BilligeBamser 1.0/Info.plist";
				IPHONEOS_DEPLOYMENT_TARGET = 11.0;
				LD_RUNPATH_SEARCH_PATHS = (
					"$(inherited)",
					"@executable_path/Frameworks",
				);
				PRODUCT_BUNDLE_IDENTIFIER = "Nicolai-Dam";
				PRODUCT_NAME = "$(TARGET_NAME)";
				SWIFT_VERSION = 5.0;
				TARGETED_DEVICE_FAMILY = 1;
			};
			name = Debug;
		};
		EE805A41234DF9B60095651D /* Release */ = {
			isa = XCBuildConfiguration;
			baseConfigurationReference = 861AAD122035663F003CE24D /* Pods-BilligeBamser 1.0.release.xcconfig */;
			buildSettings = {
				CODE_SIGN_STYLE = Automatic;
				DEVELOPMENT_TEAM = G6TSQJ6DQ5;
				INFOPLIST_FILE = "BilligeBamser 1.0/Info.plist";
				IPHONEOS_DEPLOYMENT_TARGET = 11.0;
				LD_RUNPATH_SEARCH_PATHS = (
					"$(inherited)",
					"@executable_path/Frameworks",
				);
				PRODUCT_BUNDLE_IDENTIFIER = "Nicolai-Dam";
				PRODUCT_NAME = "$(TARGET_NAME)";
				SWIFT_VERSION = 5.0;
				TARGETED_DEVICE_FAMILY = 1;
			};
			name = Release;
		};
/* End XCBuildConfiguration section */

/* Begin XCConfigurationList section */
		EE805A28234DF9B40095651D /* Build configuration list for PBXProject "BilligeBamser 1.0" */ = {
			isa = XCConfigurationList;
			buildConfigurations = (
				EE805A3D234DF9B60095651D /* Debug */,
				EE805A3E234DF9B60095651D /* Release */,
			);
			defaultConfigurationIsVisible = 0;
			defaultConfigurationName = Release;
		};
		EE805A3F234DF9B60095651D /* Build configuration list for PBXNativeTarget "BilligeBamser 1.0" */ = {
			isa = XCConfigurationList;
			buildConfigurations = (
				EE805A40234DF9B60095651D /* Debug */,
				EE805A41234DF9B60095651D /* Release */,
			);
			defaultConfigurationIsVisible = 0;
			defaultConfigurationName = Release;
		};
/* End XCConfigurationList section */
	};
	rootObject = EE805A25234DF9B40095651D /* Project object */;
}
