// !$*UTF8*$!
{
	archiveVersion = 1;
	classes = {
	};
	objectVersion = 52;
	objects = {

/* Begin PBXBuildFile section */
		28007CCC2389E2EF00758B94 /* ViewControllerBajer.swift in Sources */ = {isa = PBXBuildFile; fileRef = 28007CCB2389E2EF00758B94 /* ViewControllerBajer.swift */; };
		284DEA912371AB40004471F5 /* NavigationControllerUdforsk.swift in Sources */ = {isa = PBXBuildFile; fileRef = 284DEA902371AB40004471F5 /* NavigationControllerUdforsk.swift */; };
		2865BAC22361935D00CE8878 /* ExampleBouncesContentView.swift in Sources */ = {isa = PBXBuildFile; fileRef = 2865BABE2361934D00CE8878 /* ExampleBouncesContentView.swift */; };
		2865BAC32361935D00CE8878 /* ExampleNavigationController.swift in Sources */ = {isa = PBXBuildFile; fileRef = 2865BABF2361935200CE8878 /* ExampleNavigationController.swift */; };
		2865BAC42361935D00CE8878 /* ExampleBasicContentView.swift in Sources */ = {isa = PBXBuildFile; fileRef = 2865BAC02361935800CE8878 /* ExampleBasicContentView.swift */; };
		2865BAC52361935D00CE8878 /* ExampleIrregularityContentView.swift in Sources */ = {isa = PBXBuildFile; fileRef = 2865BAC12361935D00CE8878 /* ExampleIrregularityContentView.swift */; };
		2865BAC72361936400CE8878 /* CustomTabbarController.swift in Sources */ = {isa = PBXBuildFile; fileRef = 2865BAC62361936400CE8878 /* CustomTabbarController.swift */; };
		2865BAC9236193F600CE8878 /* TabbarContentView.swift in Sources */ = {isa = PBXBuildFile; fileRef = 2865BAC8236193F600CE8878 /* TabbarContentView.swift */; };
		286D41BE2378599500708CC1 /* MapNavigationController.swift in Sources */ = {isa = PBXBuildFile; fileRef = 286D41BD2378599400708CC1 /* MapNavigationController.swift */; };
		28721CAF236A1912005C50F4 /* CenterViewFlowLayout.swift in Sources */ = {isa = PBXBuildFile; fileRef = 28721CAE236A1912005C50F4 /* CenterViewFlowLayout.swift */; };
		28721CB1236A1DE4005C50F4 /* UIColorExtensions.swift in Sources */ = {isa = PBXBuildFile; fileRef = 28721CB0236A1DE4005C50F4 /* UIColorExtensions.swift */; };
		287ECAED234E541800487427 /* Theme.xcassets in Resources */ = {isa = PBXBuildFile; fileRef = 287ECAEC234E541800487427 /* Theme.xcassets */; };
		287ECAEF234E5FF200487427 /* OpretBajerViewController.swift in Sources */ = {isa = PBXBuildFile; fileRef = 287ECAEE234E5FF200487427 /* OpretBajerViewController.swift */; };
		28C5E9C2234F9BEA00BE284D /* Assets.xcassets in Resources */ = {isa = PBXBuildFile; fileRef = 28C5E9C1234F9BEA00BE284D /* Assets.xcassets */; };
		9521983EC816B9CFE3A47921 /* Pods_BilligeBamser1_0.framework in Frameworks */ = {isa = PBXBuildFile; fileRef = 1E47A86384BFCD1F8DDAB181 /* Pods_BilligeBamser1_0.framework */; };
		EE1B0C9A2376FF94004C3342 /* BarView.swift in Sources */ = {isa = PBXBuildFile; fileRef = EE1B0C992376FF94004C3342 /* BarView.swift */; };
		EE805A31234DF9B40095651D /* AppDelegate.swift in Sources */ = {isa = PBXBuildFile; fileRef = EE805A30234DF9B40095651D /* AppDelegate.swift */; };
		EE805A36234DF9B40095651D /* Main.storyboard in Resources */ = {isa = PBXBuildFile; fileRef = EE805A34234DF9B40095651D /* Main.storyboard */; };
		EE805A3B234DF9B60095651D /* LaunchScreen.storyboard in Resources */ = {isa = PBXBuildFile; fileRef = EE805A39234DF9B60095651D /* LaunchScreen.storyboard */; };
		EE954609235A508A00EC534D /* StartsideViewController.swift in Sources */ = {isa = PBXBuildFile; fileRef = EE954608235A508A00EC534D /* StartsideViewController.swift */; };
		EE95460B235A5DAF00EC534D /* IntroViewController.swift in Sources */ = {isa = PBXBuildFile; fileRef = EE95460A235A5DAF00EC534D /* IntroViewController.swift */; };
		EEAECAD52357733200C555E0 /* Bar.swift in Sources */ = {isa = PBXBuildFile; fileRef = EEAECAD42357733200C555E0 /* Bar.swift */; };
		EEAECAD723577CF500C555E0 /* BarListe.swift in Sources */ = {isa = PBXBuildFile; fileRef = EEAECAD623577CF500C555E0 /* BarListe.swift */; };
		EEAECAD923578ADE00C555E0 /* MapViewController.swift in Sources */ = {isa = PBXBuildFile; fileRef = EEAECAD823578ADE00C555E0 /* MapViewController.swift */; };
		EEAECADC23579D2B00C555E0 /* UdforskViewController.swift in Sources */ = {isa = PBXBuildFile; fileRef = EEAECADB23579D2B00C555E0 /* UdforskViewController.swift */; };
		EEAECAE42357AF8900C555E0 /* LogindViewController.swift in Sources */ = {isa = PBXBuildFile; fileRef = EEAECAE32357AF8900C555E0 /* LogindViewController.swift */; };
		EECF6ABA237C9F82003105E7 /* MereViewController.swift in Sources */ = {isa = PBXBuildFile; fileRef = EECF6AB9237C9F82003105E7 /* MereViewController.swift */; };
		EEDE09D6236371E400E7B095 /* GoogleService-Info.plist in Resources */ = {isa = PBXBuildFile; fileRef = EEDE09D5236371E400E7B095 /* GoogleService-Info.plist */; };
		EEDE09D82365C2F600E7B095 /* OpretBrugerViewController.swift in Sources */ = {isa = PBXBuildFile; fileRef = EEDE09D72365C2F600E7B095 /* OpretBrugerViewController.swift */; };
		EEDE0A1E236B71E000E7B095 /* Bruger.swift in Sources */ = {isa = PBXBuildFile; fileRef = EEDE0A1D236B71E000E7B095 /* Bruger.swift */; };
		EEDE0A20236F4DEF00E7B095 /* FavoriterTableViewController.swift in Sources */ = {isa = PBXBuildFile; fileRef = EEDE0A1F236F4DEE00E7B095 /* FavoriterTableViewController.swift */; };
		EEDE0A22237498A100E7B095 /* FirebaseAPI.swift in Sources */ = {isa = PBXBuildFile; fileRef = EEDE0A21237498A100E7B095 /* FirebaseAPI.swift */; };
/* End PBXBuildFile section */

/* Begin PBXFileReference section */
		1E47A86384BFCD1F8DDAB181 /* Pods_BilligeBamser1_0.framework */ = {isa = PBXFileReference; explicitFileType = wrapper.framework; includeInIndex = 0; path = Pods_BilligeBamser1_0.framework; sourceTree = BUILT_PRODUCTS_DIR; };
		28007CCB2389E2EF00758B94 /* ViewControllerBajer.swift */ = {isa = PBXFileReference; lastKnownFileType = sourcecode.swift; path = ViewControllerBajer.swift; sourceTree = "<group>"; };
		284DEA902371AB40004471F5 /* NavigationControllerUdforsk.swift */ = {isa = PBXFileReference; lastKnownFileType = sourcecode.swift; path = NavigationControllerUdforsk.swift; sourceTree = "<group>"; };
		2865BABE2361934D00CE8878 /* ExampleBouncesContentView.swift */ = {isa = PBXFileReference; fileEncoding = 4; lastKnownFileType = sourcecode.swift; path = ExampleBouncesContentView.swift; sourceTree = "<group>"; };
		2865BABF2361935200CE8878 /* ExampleNavigationController.swift */ = {isa = PBXFileReference; fileEncoding = 4; lastKnownFileType = sourcecode.swift; path = ExampleNavigationController.swift; sourceTree = "<group>"; };
		2865BAC02361935800CE8878 /* ExampleBasicContentView.swift */ = {isa = PBXFileReference; fileEncoding = 4; lastKnownFileType = sourcecode.swift; path = ExampleBasicContentView.swift; sourceTree = "<group>"; };
		2865BAC12361935D00CE8878 /* ExampleIrregularityContentView.swift */ = {isa = PBXFileReference; fileEncoding = 4; lastKnownFileType = sourcecode.swift; path = ExampleIrregularityContentView.swift; sourceTree = "<group>"; };
		2865BAC62361936400CE8878 /* CustomTabbarController.swift */ = {isa = PBXFileReference; fileEncoding = 4; lastKnownFileType = sourcecode.swift; path = CustomTabbarController.swift; sourceTree = "<group>"; };
		2865BAC8236193F600CE8878 /* TabbarContentView.swift */ = {isa = PBXFileReference; fileEncoding = 4; lastKnownFileType = sourcecode.swift; path = TabbarContentView.swift; sourceTree = "<group>"; };
		286D41BD2378599400708CC1 /* MapNavigationController.swift */ = {isa = PBXFileReference; lastKnownFileType = sourcecode.swift; path = MapNavigationController.swift; sourceTree = "<group>"; };
		28721CAE236A1912005C50F4 /* CenterViewFlowLayout.swift */ = {isa = PBXFileReference; fileEncoding = 4; lastKnownFileType = sourcecode.swift; path = CenterViewFlowLayout.swift; sourceTree = "<group>"; };
		28721CB0236A1DE4005C50F4 /* UIColorExtensions.swift */ = {isa = PBXFileReference; fileEncoding = 4; lastKnownFileType = sourcecode.swift; path = UIColorExtensions.swift; sourceTree = "<group>"; };
		287ECAEC234E541800487427 /* Theme.xcassets */ = {isa = PBXFileReference; lastKnownFileType = folder.assetcatalog; path = Theme.xcassets; sourceTree = "<group>"; };
		287ECAEE234E5FF200487427 /* OpretBajerViewController.swift */ = {isa = PBXFileReference; lastKnownFileType = sourcecode.swift; name = OpretBajerViewController.swift; path = "../New Group1/OpretBajerViewController.swift"; sourceTree = "<group>"; };
		28C5E9C1234F9BEA00BE284D /* Assets.xcassets */ = {isa = PBXFileReference; lastKnownFileType = folder.assetcatalog; path = Assets.xcassets; sourceTree = "<group>"; };
		4A2B78F5FE428E60C38F011F /* Pods-BilligeBamser1.0.debug.xcconfig */ = {isa = PBXFileReference; includeInIndex = 1; lastKnownFileType = text.xcconfig; name = "Pods-BilligeBamser1.0.debug.xcconfig"; path = "Target Support Files/Pods-BilligeBamser1.0/Pods-BilligeBamser1.0.debug.xcconfig"; sourceTree = "<group>"; };
		EE1B0C992376FF94004C3342 /* BarView.swift */ = {isa = PBXFileReference; lastKnownFileType = sourcecode.swift; path = BarView.swift; sourceTree = "<group>"; };
		EE805A2D234DF9B40095651D /* BilligeBamser1.0.app */ = {isa = PBXFileReference; explicitFileType = wrapper.application; includeInIndex = 0; path = BilligeBamser1.0.app; sourceTree = BUILT_PRODUCTS_DIR; };
		EE805A30234DF9B40095651D /* AppDelegate.swift */ = {isa = PBXFileReference; lastKnownFileType = sourcecode.swift; path = AppDelegate.swift; sourceTree = "<group>"; };
		EE805A35234DF9B40095651D /* Base */ = {isa = PBXFileReference; lastKnownFileType = file.storyboard; name = Base; path = Base.lproj/Main.storyboard; sourceTree = "<group>"; };
		EE805A3A234DF9B60095651D /* Base */ = {isa = PBXFileReference; lastKnownFileType = file.storyboard; name = Base; path = Base.lproj/LaunchScreen.storyboard; sourceTree = "<group>"; };
		EE805A3C234DF9B60095651D /* Info.plist */ = {isa = PBXFileReference; lastKnownFileType = text.plist.xml; path = Info.plist; sourceTree = "<group>"; };
		EE954608235A508A00EC534D /* StartsideViewController.swift */ = {isa = PBXFileReference; lastKnownFileType = sourcecode.swift; path = StartsideViewController.swift; sourceTree = "<group>"; };
		EE95460A235A5DAF00EC534D /* IntroViewController.swift */ = {isa = PBXFileReference; lastKnownFileType = sourcecode.swift; path = IntroViewController.swift; sourceTree = "<group>"; };
		EEAECAD42357733200C555E0 /* Bar.swift */ = {isa = PBXFileReference; lastKnownFileType = sourcecode.swift; path = Bar.swift; sourceTree = "<group>"; };
		EEAECAD623577CF500C555E0 /* BarListe.swift */ = {isa = PBXFileReference; lastKnownFileType = sourcecode.swift; name = BarListe.swift; path = "../New Group2/BarListe.swift"; sourceTree = "<group>"; };
		EEAECAD823578ADE00C555E0 /* MapViewController.swift */ = {isa = PBXFileReference; lastKnownFileType = sourcecode.swift; path = MapViewController.swift; sourceTree = "<group>"; };
		EEAECADB23579D2B00C555E0 /* UdforskViewController.swift */ = {isa = PBXFileReference; lastKnownFileType = sourcecode.swift; path = UdforskViewController.swift; sourceTree = "<group>"; };
		EEAECAE32357AF8900C555E0 /* LogindViewController.swift */ = {isa = PBXFileReference; lastKnownFileType = sourcecode.swift; name = LogindViewController.swift; path = "../New Group/LogindViewController.swift"; sourceTree = "<group>"; };
		EECF6AB9237C9F82003105E7 /* MereViewController.swift */ = {isa = PBXFileReference; fileEncoding = 4; lastKnownFileType = sourcecode.swift; path = MereViewController.swift; sourceTree = "<group>"; };
		EEDE09D5236371E400E7B095 /* GoogleService-Info.plist */ = {isa = PBXFileReference; fileEncoding = 4; lastKnownFileType = text.plist.xml; name = "GoogleService-Info.plist"; path = "TabBar/GoogleService-Info.plist"; sourceTree = "<group>"; };
		EEDE09D72365C2F600E7B095 /* OpretBrugerViewController.swift */ = {isa = PBXFileReference; lastKnownFileType = sourcecode.swift; path = OpretBrugerViewController.swift; sourceTree = "<group>"; };
		EEDE0A1D236B71E000E7B095 /* Bruger.swift */ = {isa = PBXFileReference; lastKnownFileType = sourcecode.swift; path = Bruger.swift; sourceTree = "<group>"; };
		EEDE0A1F236F4DEE00E7B095 /* FavoriterTableViewController.swift */ = {isa = PBXFileReference; lastKnownFileType = sourcecode.swift; path = FavoriterTableViewController.swift; sourceTree = "<group>"; };
		EEDE0A21237498A100E7B095 /* FirebaseAPI.swift */ = {isa = PBXFileReference; lastKnownFileType = sourcecode.swift; path = FirebaseAPI.swift; sourceTree = "<group>"; };
		FC01C8404C1C0F313E7E0BAB /* Pods-BilligeBamser1.0.release.xcconfig */ = {isa = PBXFileReference; includeInIndex = 1; lastKnownFileType = text.xcconfig; name = "Pods-BilligeBamser1.0.release.xcconfig"; path = "Target Support Files/Pods-BilligeBamser1.0/Pods-BilligeBamser1.0.release.xcconfig"; sourceTree = "<group>"; };
/* End PBXFileReference section */

/* Begin PBXFrameworksBuildPhase section */
		EE805A2A234DF9B40095651D /* Frameworks */ = {
			isa = PBXFrameworksBuildPhase;
			buildActionMask = 2147483647;
			files = (
				9521983EC816B9CFE3A47921 /* Pods_BilligeBamser1_0.framework in Frameworks */,
			);
			runOnlyForDeploymentPostprocessing = 0;
		};
/* End PBXFrameworksBuildPhase section */

/* Begin PBXGroup section */
		2803DC5D23785B0D009A0112 /* Mere */ = {
			isa = PBXGroup;
			children = (
				EECF6AB9237C9F82003105E7 /* MereViewController.swift */,
			);
			path = Mere;
			sourceTree = "<group>";
		};
		284DEA8F2371AAFD004471F5 /* Udforsk */ = {
			isa = PBXGroup;
			children = (
				28721CB0236A1DE4005C50F4 /* UIColorExtensions.swift */,
				28721CAE236A1912005C50F4 /* CenterViewFlowLayout.swift */,
				EEAECADB23579D2B00C555E0 /* UdforskViewController.swift */,
				284DEA902371AB40004471F5 /* NavigationControllerUdforsk.swift */,
			);
			path = Udforsk;
			sourceTree = "<group>";
		};
		2865BABD2361929100CE8878 /* TabBar */ = {
			isa = PBXGroup;
			children = (
				2865BAC8236193F600CE8878 /* TabbarContentView.swift */,
				2865BAC02361935800CE8878 /* ExampleBasicContentView.swift */,
				2865BAC62361936400CE8878 /* CustomTabbarController.swift */,
				2865BABE2361934D00CE8878 /* ExampleBouncesContentView.swift */,
				2865BAC12361935D00CE8878 /* ExampleIrregularityContentView.swift */,
				2865BABF2361935200CE8878 /* ExampleNavigationController.swift */,
			);
			path = TabBar;
			sourceTree = "<group>";
		};
		2865BACA23619D9800CE8878 /* Start */ = {
			isa = PBXGroup;
			children = (
				EE95460A235A5DAF00EC534D /* IntroViewController.swift */,
				EE954608235A508A00EC534D /* StartsideViewController.swift */,
				EEAECAE32357AF8900C555E0 /* LogindViewController.swift */,
				EEDE09D72365C2F600E7B095 /* OpretBrugerViewController.swift */,
			);
			path = Start;
			sourceTree = "<group>";
		};
		2865BACB23619DD800CE8878 /* MainSide */ = {
			isa = PBXGroup;
			children = (
				2803DC5D23785B0D009A0112 /* Mere */,
				286D41BF23785A3700708CC1 /* Favoritter */,
				286D41BC237858C800708CC1 /* Kort */,
				284DEA8F2371AAFD004471F5 /* Udforsk */,
				287ECAEE234E5FF200487427 /* OpretBajerViewController.swift */,
				28007CCB2389E2EF00758B94 /* ViewControllerBajer.swift */,
			);
			path = MainSide;
			sourceTree = "<group>";
		};
		2865BACC23619DF800CE8878 /* Model */ = {
			isa = PBXGroup;
			children = (
				EEAECAD42357733200C555E0 /* Bar.swift */,
				EEAECAD623577CF500C555E0 /* BarListe.swift */,
				EEDE0A1D236B71E000E7B095 /* Bruger.swift */,
				EE1B0C992376FF94004C3342 /* BarView.swift */,
			);
			path = Model;
			sourceTree = "<group>";
		};
		286D41BC237858C800708CC1 /* Kort */ = {
			isa = PBXGroup;
			children = (
				EEAECAD823578ADE00C555E0 /* MapViewController.swift */,
				286D41BD2378599400708CC1 /* MapNavigationController.swift */,
			);
			path = Kort;
			sourceTree = "<group>";
		};
		286D41BF23785A3700708CC1 /* Favoritter */ = {
			isa = PBXGroup;
			children = (
				EEDE0A1F236F4DEE00E7B095 /* FavoriterTableViewController.swift */,
			);
			path = Favoritter;
			sourceTree = "<group>";
		};
		C2D218BA4494DD413AD8CB55 /* Pods */ = {
			isa = PBXGroup;
			children = (
				4A2B78F5FE428E60C38F011F /* Pods-BilligeBamser1.0.debug.xcconfig */,
				FC01C8404C1C0F313E7E0BAB /* Pods-BilligeBamser1.0.release.xcconfig */,
			);
			path = Pods;
			sourceTree = "<group>";
		};
		D4A4F1478BFF1A85B3C11AE3 /* Frameworks */ = {
			isa = PBXGroup;
			children = (
				1E47A86384BFCD1F8DDAB181 /* Pods_BilligeBamser1_0.framework */,
			);
			name = Frameworks;
			sourceTree = "<group>";
		};
		EE805A24234DF9B40095651D = {
			isa = PBXGroup;
			children = (
				EE805A2F234DF9B40095651D /* BilligeBamser 1.0 */,
				EE805A2E234DF9B40095651D /* Products */,
				C2D218BA4494DD413AD8CB55 /* Pods */,
				D4A4F1478BFF1A85B3C11AE3 /* Frameworks */,
			);
			sourceTree = "<group>";
		};
		EE805A2E234DF9B40095651D /* Products */ = {
			isa = PBXGroup;
			children = (
				EE805A2D234DF9B40095651D /* BilligeBamser1.0.app */,
			);
			name = Products;
			sourceTree = "<group>";
		};
		EE805A2F234DF9B40095651D /* BilligeBamser 1.0 */ = {
			isa = PBXGroup;
			children = (
				2865BACC23619DF800CE8878 /* Model */,
				2865BACB23619DD800CE8878 /* MainSide */,
				2865BACA23619D9800CE8878 /* Start */,
				2865BABD2361929100CE8878 /* TabBar */,
				EE805A30234DF9B40095651D /* AppDelegate.swift */,
				EEDE09D5236371E400E7B095 /* GoogleService-Info.plist */,
				EE805A34234DF9B40095651D /* Main.storyboard */,
				28C5E9C1234F9BEA00BE284D /* Assets.xcassets */,
				287ECAEC234E541800487427 /* Theme.xcassets */,
				EE805A39234DF9B60095651D /* LaunchScreen.storyboard */,
				EE805A3C234DF9B60095651D /* Info.plist */,
				EEDE0A21237498A100E7B095 /* FirebaseAPI.swift */,
			);
			path = "BilligeBamser 1.0";
			sourceTree = "<group>";
		};
/* End PBXGroup section */

/* Begin PBXNativeTarget section */
		EE805A2C234DF9B40095651D /* BilligeBamser1.0 */ = {
			isa = PBXNativeTarget;
			buildConfigurationList = EE805A3F234DF9B60095651D /* Build configuration list for PBXNativeTarget "BilligeBamser1.0" */;
			buildPhases = (
				DCA34F65E16957E50266DE1C /* [CP] Check Pods Manifest.lock */,
				EE805A29234DF9B40095651D /* Sources */,
				EE805A2A234DF9B40095651D /* Frameworks */,
				EE805A2B234DF9B40095651D /* Resources */,
				85D57C4CAF5DDB941E0B4C8F /* [CP] Embed Pods Frameworks */,
			);
			buildRules = (
			);
			dependencies = (
			);
			name = BilligeBamser1.0;
			productName = "BilligeBamser 1.0";
			productReference = EE805A2D234DF9B40095651D /* BilligeBamser1.0.app */;
			productType = "com.apple.product-type.application";
		};
/* End PBXNativeTarget section */

/* Begin PBXProject section */
		EE805A25234DF9B40095651D /* Project object */ = {
			isa = PBXProject;
			attributes = {
				LastSwiftUpdateCheck = 1030;
				LastUpgradeCheck = 1030;
				ORGANIZATIONNAME = "Jacob Jørgensen";
				TargetAttributes = {
					EE805A2C234DF9B40095651D = {
						CreatedOnToolsVersion = 10.3;
					};
				};
			};
			buildConfigurationList = EE805A28234DF9B40095651D /* Build configuration list for PBXProject "BilligeBamser 1.0" */;
			compatibilityVersion = "Xcode 11.0";
			developmentRegion = en;
			hasScannedForEncodings = 0;
			knownRegions = (
				en,
				Base,
			);
			mainGroup = EE805A24234DF9B40095651D;
			productRefGroup = EE805A2E234DF9B40095651D /* Products */;
			projectDirPath = "";
			projectRoot = "";
			targets = (
				EE805A2C234DF9B40095651D /* BilligeBamser1.0 */,
			);
		};
/* End PBXProject section */

/* Begin PBXResourcesBuildPhase section */
		EE805A2B234DF9B40095651D /* Resources */ = {
			isa = PBXResourcesBuildPhase;
			buildActionMask = 2147483647;
			files = (
				EE805A3B234DF9B60095651D /* LaunchScreen.storyboard in Resources */,
				287ECAED234E541800487427 /* Theme.xcassets in Resources */,
				EEDE09D6236371E400E7B095 /* GoogleService-Info.plist in Resources */,
				28C5E9C2234F9BEA00BE284D /* Assets.xcassets in Resources */,
				EE805A36234DF9B40095651D /* Main.storyboard in Resources */,
			);
			runOnlyForDeploymentPostprocessing = 0;
		};
/* End PBXResourcesBuildPhase section */

/* Begin PBXShellScriptBuildPhase section */
		85D57C4CAF5DDB941E0B4C8F /* [CP] Embed Pods Frameworks */ = {
			isa = PBXShellScriptBuildPhase;
			buildActionMask = 2147483647;
			files = (
			);
			inputFileListPaths = (
				"${PODS_ROOT}/Target Support Files/Pods-BilligeBamser1.0/Pods-BilligeBamser1.0-frameworks-${CONFIGURATION}-input-files.xcfilelist",
			);
			name = "[CP] Embed Pods Frameworks";
			outputFileListPaths = (
				"${PODS_ROOT}/Target Support Files/Pods-BilligeBamser1.0/Pods-BilligeBamser1.0-frameworks-${CONFIGURATION}-output-files.xcfilelist",
			);
			runOnlyForDeploymentPostprocessing = 0;
			shellPath = /bin/sh;
			shellScript = "\"${PODS_ROOT}/Target Support Files/Pods-BilligeBamser1.0/Pods-BilligeBamser1.0-frameworks.sh\"\n";
			showEnvVarsInLog = 0;
		};
		DCA34F65E16957E50266DE1C /* [CP] Check Pods Manifest.lock */ = {
			isa = PBXShellScriptBuildPhase;
			buildActionMask = 2147483647;
			files = (
			);
			inputFileListPaths = (
			);
			inputPaths = (
				"${PODS_PODFILE_DIR_PATH}/Podfile.lock",
				"${PODS_ROOT}/Manifest.lock",
			);
			name = "[CP] Check Pods Manifest.lock";
			outputFileListPaths = (
			);
			outputPaths = (
				"$(DERIVED_FILE_DIR)/Pods-BilligeBamser1.0-checkManifestLockResult.txt",
			);
			runOnlyForDeploymentPostprocessing = 0;
			shellPath = /bin/sh;
			shellScript = "diff \"${PODS_PODFILE_DIR_PATH}/Podfile.lock\" \"${PODS_ROOT}/Manifest.lock\" > /dev/null\nif [ $? != 0 ] ; then\n    # print error to STDERR\n    echo \"error: The sandbox is not in sync with the Podfile.lock. Run 'pod install' or update your CocoaPods installation.\" >&2\n    exit 1\nfi\n# This output is used by Xcode 'outputs' to avoid re-running this script phase.\necho \"SUCCESS\" > \"${SCRIPT_OUTPUT_FILE_0}\"\n";
			showEnvVarsInLog = 0;
		};
/* End PBXShellScriptBuildPhase section */

/* Begin PBXSourcesBuildPhase section */
		EE805A29234DF9B40095651D /* Sources */ = {
			isa = PBXSourcesBuildPhase;
			buildActionMask = 2147483647;
			files = (
				EEAECAD52357733200C555E0 /* Bar.swift in Sources */,
				EE954609235A508A00EC534D /* StartsideViewController.swift in Sources */,
				EE95460B235A5DAF00EC534D /* IntroViewController.swift in Sources */,
				2865BAC9236193F600CE8878 /* TabbarContentView.swift in Sources */,
				EECF6ABA237C9F82003105E7 /* MereViewController.swift in Sources */,
				EE1B0C9A2376FF94004C3342 /* BarView.swift in Sources */,
				2865BAC52361935D00CE8878 /* ExampleIrregularityContentView.swift in Sources */,
				EEAECADC23579D2B00C555E0 /* UdforskViewController.swift in Sources */,
				28721CB1236A1DE4005C50F4 /* UIColorExtensions.swift in Sources */,
				28007CCC2389E2EF00758B94 /* ViewControllerBajer.swift in Sources */,
				EEDE0A22237498A100E7B095 /* FirebaseAPI.swift in Sources */,
				2865BAC22361935D00CE8878 /* ExampleBouncesContentView.swift in Sources */,
				EEDE0A1E236B71E000E7B095 /* Bruger.swift in Sources */,
				EEAECAE42357AF8900C555E0 /* LogindViewController.swift in Sources */,
				284DEA912371AB40004471F5 /* NavigationControllerUdforsk.swift in Sources */,
				EEDE09D82365C2F600E7B095 /* OpretBrugerViewController.swift in Sources */,
				EEAECAD723577CF500C555E0 /* BarListe.swift in Sources */,
				28721CAF236A1912005C50F4 /* CenterViewFlowLayout.swift in Sources */,
				2865BAC32361935D00CE8878 /* ExampleNavigationController.swift in Sources */,
				EEDE0A20236F4DEF00E7B095 /* FavoriterTableViewController.swift in Sources */,
				2865BAC72361936400CE8878 /* CustomTabbarController.swift in Sources */,
				2865BAC42361935D00CE8878 /* ExampleBasicContentView.swift in Sources */,
				286D41BE2378599500708CC1 /* MapNavigationController.swift in Sources */,
				287ECAEF234E5FF200487427 /* OpretBajerViewController.swift in Sources */,
				EE805A31234DF9B40095651D /* AppDelegate.swift in Sources */,
				EEAECAD923578ADE00C555E0 /* MapViewController.swift in Sources */,
			);
			runOnlyForDeploymentPostprocessing = 0;
		};
/* End PBXSourcesBuildPhase section */

/* Begin PBXVariantGroup section */
		EE805A34234DF9B40095651D /* Main.storyboard */ = {
			isa = PBXVariantGroup;
			children = (
				EE805A35234DF9B40095651D /* Base */,
			);
			name = Main.storyboard;
			sourceTree = "<group>";
		};
		EE805A39234DF9B60095651D /* LaunchScreen.storyboard */ = {
			isa = PBXVariantGroup;
			children = (
				EE805A3A234DF9B60095651D /* Base */,
			);
			name = LaunchScreen.storyboard;
			sourceTree = "<group>";
		};
/* End PBXVariantGroup section */

/* Begin XCBuildConfiguration section */
		EE805A3D234DF9B60095651D /* Debug */ = {
			isa = XCBuildConfiguration;
			buildSettings = {
				ALWAYS_SEARCH_USER_PATHS = NO;
				CLANG_ANALYZER_NONNULL = YES;
				CLANG_ANALYZER_NUMBER_OBJECT_CONVERSION = YES_AGGRESSIVE;
				CLANG_CXX_LANGUAGE_STANDARD = "gnu++14";
				CLANG_CXX_LIBRARY = "libc++";
				CLANG_ENABLE_MODULES = YES;
				CLANG_ENABLE_OBJC_ARC = YES;
				CLANG_ENABLE_OBJC_WEAK = YES;
				CLANG_WARN_BLOCK_CAPTURE_AUTORELEASING = YES;
				CLANG_WARN_BOOL_CONVERSION = YES;
				CLANG_WARN_COMMA = YES;
				CLANG_WARN_CONSTANT_CONVERSION = YES;
				CLANG_WARN_DEPRECATED_OBJC_IMPLEMENTATIONS = YES;
				CLANG_WARN_DIRECT_OBJC_ISA_USAGE = YES_ERROR;
				CLANG_WARN_DOCUMENTATION_COMMENTS = YES;
				CLANG_WARN_EMPTY_BODY = YES;
				CLANG_WARN_ENUM_CONVERSION = YES;
				CLANG_WARN_INFINITE_RECURSION = YES;
				CLANG_WARN_INT_CONVERSION = YES;
				CLANG_WARN_NON_LITERAL_NULL_CONVERSION = YES;
				CLANG_WARN_OBJC_IMPLICIT_RETAIN_SELF = YES;
				CLANG_WARN_OBJC_LITERAL_CONVERSION = YES;
				CLANG_WARN_OBJC_ROOT_CLASS = YES_ERROR;
				CLANG_WARN_RANGE_LOOP_ANALYSIS = YES;
				CLANG_WARN_STRICT_PROTOTYPES = YES;
				CLANG_WARN_SUSPICIOUS_MOVE = YES;
				CLANG_WARN_UNGUARDED_AVAILABILITY = YES_AGGRESSIVE;
				CLANG_WARN_UNREACHABLE_CODE = YES;
				CLANG_WARN__DUPLICATE_METHOD_MATCH = YES;
				CODE_SIGN_IDENTITY = "iPhone Developer";
				COPY_PHASE_STRIP = NO;
				DEBUG_INFORMATION_FORMAT = dwarf;
				ENABLE_STRICT_OBJC_MSGSEND = YES;
				ENABLE_TESTABILITY = YES;
				GCC_C_LANGUAGE_STANDARD = gnu11;
				GCC_DYNAMIC_NO_PIC = NO;
				GCC_NO_COMMON_BLOCKS = YES;
				GCC_OPTIMIZATION_LEVEL = 0;
				GCC_PREPROCESSOR_DEFINITIONS = (
					"DEBUG=1",
					"$(inherited)",
				);
				GCC_WARN_64_TO_32_BIT_CONVERSION = YES;
				GCC_WARN_ABOUT_RETURN_TYPE = YES_ERROR;
				GCC_WARN_UNDECLARED_SELECTOR = YES;
				GCC_WARN_UNINITIALIZED_AUTOS = YES_AGGRESSIVE;
				GCC_WARN_UNUSED_FUNCTION = YES;
				GCC_WARN_UNUSED_VARIABLE = YES;
				IPHONEOS_DEPLOYMENT_TARGET = 11.0;
				MTL_ENABLE_DEBUG_INFO = INCLUDE_SOURCE;
				MTL_FAST_MATH = YES;
				ONLY_ACTIVE_ARCH = YES;
				SDKROOT = iphoneos;
				SWIFT_ACTIVE_COMPILATION_CONDITIONS = DEBUG;
				SWIFT_OPTIMIZATION_LEVEL = "-Onone";
			};
			name = Debug;
		};
		EE805A3E234DF9B60095651D /* Release */ = {
			isa = XCBuildConfiguration;
			buildSettings = {
				ALWAYS_SEARCH_USER_PATHS = NO;
				CLANG_ANALYZER_NONNULL = YES;
				CLANG_ANALYZER_NUMBER_OBJECT_CONVERSION = YES_AGGRESSIVE;
				CLANG_CXX_LANGUAGE_STANDARD = "gnu++14";
				CLANG_CXX_LIBRARY = "libc++";
				CLANG_ENABLE_MODULES = YES;
				CLANG_ENABLE_OBJC_ARC = YES;
				CLANG_ENABLE_OBJC_WEAK = YES;
				CLANG_WARN_BLOCK_CAPTURE_AUTORELEASING = YES;
				CLANG_WARN_BOOL_CONVERSION = YES;
				CLANG_WARN_COMMA = YES;
				CLANG_WARN_CONSTANT_CONVERSION = YES;
				CLANG_WARN_DEPRECATED_OBJC_IMPLEMENTATIONS = YES;
				CLANG_WARN_DIRECT_OBJC_ISA_USAGE = YES_ERROR;
				CLANG_WARN_DOCUMENTATION_COMMENTS = YES;
				CLANG_WARN_EMPTY_BODY = YES;
				CLANG_WARN_ENUM_CONVERSION = YES;
				CLANG_WARN_INFINITE_RECURSION = YES;
				CLANG_WARN_INT_CONVERSION = YES;
				CLANG_WARN_NON_LITERAL_NULL_CONVERSION = YES;
				CLANG_WARN_OBJC_IMPLICIT_RETAIN_SELF = YES;
				CLANG_WARN_OBJC_LITERAL_CONVERSION = YES;
				CLANG_WARN_OBJC_ROOT_CLASS = YES_ERROR;
				CLANG_WARN_RANGE_LOOP_ANALYSIS = YES;
				CLANG_WARN_STRICT_PROTOTYPES = YES;
				CLANG_WARN_SUSPICIOUS_MOVE = YES;
				CLANG_WARN_UNGUARDED_AVAILABILITY = YES_AGGRESSIVE;
				CLANG_WARN_UNREACHABLE_CODE = YES;
				CLANG_WARN__DUPLICATE_METHOD_MATCH = YES;
				CODE_SIGN_IDENTITY = "iPhone Developer";
				COPY_PHASE_STRIP = NO;
				DEBUG_INFORMATION_FORMAT = "dwarf-with-dsym";
				ENABLE_NS_ASSERTIONS = NO;
				ENABLE_STRICT_OBJC_MSGSEND = YES;
				GCC_C_LANGUAGE_STANDARD = gnu11;
				GCC_NO_COMMON_BLOCKS = YES;
				GCC_WARN_64_TO_32_BIT_CONVERSION = YES;
				GCC_WARN_ABOUT_RETURN_TYPE = YES_ERROR;
				GCC_WARN_UNDECLARED_SELECTOR = YES;
				GCC_WARN_UNINITIALIZED_AUTOS = YES_AGGRESSIVE;
				GCC_WARN_UNUSED_FUNCTION = YES;
				GCC_WARN_UNUSED_VARIABLE = YES;
				IPHONEOS_DEPLOYMENT_TARGET = 11.0;
				MTL_ENABLE_DEBUG_INFO = NO;
				MTL_FAST_MATH = YES;
				SDKROOT = iphoneos;
				SWIFT_COMPILATION_MODE = wholemodule;
				SWIFT_OPTIMIZATION_LEVEL = "-O";
				VALIDATE_PRODUCT = YES;
			};
			name = Release;
		};
		EE805A40234DF9B60095651D /* Debug */ = {
			isa = XCBuildConfiguration;
			baseConfigurationReference = 4A2B78F5FE428E60C38F011F /* Pods-BilligeBamser1.0.debug.xcconfig */;
			buildSettings = {
				CODE_SIGN_STYLE = Automatic;
				DEVELOPMENT_TEAM = G6TSQJ6DQ5;
				INFOPLIST_FILE = "BilligeBamser 1.0/Info.plist";
				IPHONEOS_DEPLOYMENT_TARGET = 11.0;
				LD_RUNPATH_SEARCH_PATHS = (
					"$(inherited)",
					"@executable_path/Frameworks",
				);
				PRODUCT_BUNDLE_IDENTIFIER = "Nicolai-Dam";
				PRODUCT_NAME = "$(TARGET_NAME)";
				SWIFT_VERSION = 5.0;
				TARGETED_DEVICE_FAMILY = 1;
			};
			name = Debug;
		};
		EE805A41234DF9B60095651D /* Release */ = {
			isa = XCBuildConfiguration;
			baseConfigurationReference = FC01C8404C1C0F313E7E0BAB /* Pods-BilligeBamser1.0.release.xcconfig */;
			buildSettings = {
				CODE_SIGN_STYLE = Automatic;
				DEVELOPMENT_TEAM = G6TSQJ6DQ5;
				INFOPLIST_FILE = "BilligeBamser 1.0/Info.plist";
				IPHONEOS_DEPLOYMENT_TARGET = 11.0;
				LD_RUNPATH_SEARCH_PATHS = (
					"$(inherited)",
					"@executable_path/Frameworks",
				);
				PRODUCT_BUNDLE_IDENTIFIER = "Nicolai-Dam";
				PRODUCT_NAME = "$(TARGET_NAME)";
				SWIFT_VERSION = 5.0;
				TARGETED_DEVICE_FAMILY = 1;
			};
			name = Release;
		};
/* End XCBuildConfiguration section */

/* Begin XCConfigurationList section */
		EE805A28234DF9B40095651D /* Build configuration list for PBXProject "BilligeBamser 1.0" */ = {
			isa = XCConfigurationList;
			buildConfigurations = (
				EE805A3D234DF9B60095651D /* Debug */,
				EE805A3E234DF9B60095651D /* Release */,
			);
			defaultConfigurationIsVisible = 0;
			defaultConfigurationName = Release;
		};
		EE805A3F234DF9B60095651D /* Build configuration list for PBXNativeTarget "BilligeBamser1.0" */ = {
			isa = XCConfigurationList;
			buildConfigurations = (
				EE805A40234DF9B60095651D /* Debug */,
				EE805A41234DF9B60095651D /* Release */,
			);
			defaultConfigurationIsVisible = 0;
			defaultConfigurationName = Release;
		};
/* End XCConfigurationList section */
	};
	rootObject = EE805A25234DF9B40095651D /* Project object */;
}
